// !$*UTF8*$!
{
	archiveVersion = 1;
	classes = {
	};
	objectVersion = 50;
	objects = {

/* Begin PBXBuildFile section */
		5B97666822DF5733005EF92B /* RegistrationViewController.m in Sources */ = {isa = PBXBuildFile; fileRef = 5B97666722DF5733005EF92B /* RegistrationViewController.m */; };
		5B97666E22DF6219005EF92B /* AOTextFieldView.m in Sources */ = {isa = PBXBuildFile; fileRef = 5B97666D22DF6219005EF92B /* AOTextFieldView.m */; };
		5B97667422DF826B005EF92B /* AOButtonView.m in Sources */ = {isa = PBXBuildFile; fileRef = 5B97667322DF826B005EF92B /* AOButtonView.m */; };
		5B97667722E09763005EF92B /* AOHomeViewController.m in Sources */ = {isa = PBXBuildFile; fileRef = 5B97667622E09763005EF92B /* AOHomeViewController.m */; };
		5B97667B22E09AA6005EF92B /* AOHistoryViewController.m in Sources */ = {isa = PBXBuildFile; fileRef = 5B97667A22E09AA6005EF92B /* AOHistoryViewController.m */; };
		5B97668122E09AC2005EF92B /* AOSettingsViewController.m in Sources */ = {isa = PBXBuildFile; fileRef = 5B97668022E09AC2005EF92B /* AOSettingsViewController.m */; };
		5B97668722E0BEBF005EF92B /* AOCoordinateViewController.m in Sources */ = {isa = PBXBuildFile; fileRef = 5B97668622E0BEBE005EF92B /* AOCoordinateViewController.m */; };
		5B97668922E2002B005EF92B /* Assets.xcassets in Resources */ = {isa = PBXBuildFile; fileRef = 5B97668822E2002B005EF92B /* Assets.xcassets */; };
		5B97668F22E34E9E005EF92B /* AOCustomHomeTableViewCell.m in Sources */ = {isa = PBXBuildFile; fileRef = 5B97668E22E34E9E005EF92B /* AOCustomHomeTableViewCell.m */; };
		5B97669522E4B680005EF92B /* AOCustomCollectionView.m in Sources */ = {isa = PBXBuildFile; fileRef = 5B97669422E4B680005EF92B /* AOCustomCollectionView.m */; };
		5B97669A22E5E016005EF92B /* AODetailsViewController.m in Sources */ = {isa = PBXBuildFile; fileRef = 5B97669922E5E015005EF92B /* AODetailsViewController.m */; };
		5B97669D22E5ED58005EF92B /* AOCustomHistoryTableViewCell.m in Sources */ = {isa = PBXBuildFile; fileRef = 5B97669C22E5ED58005EF92B /* AOCustomHistoryTableViewCell.m */; };
		5B9766A322E5EE36005EF92B /* AOShopModel.m in Sources */ = {isa = PBXBuildFile; fileRef = 5B9766A222E5EE36005EF92B /* AOShopModel.m */; };
		5B9766A622E5EE4B005EF92B /* AOProductModel.m in Sources */ = {isa = PBXBuildFile; fileRef = 5B9766A522E5EE4B005EF92B /* AOProductModel.m */; };
		5B9766F122E715C9005EF92B /* AOProductData.xcdatamodeld in Sources */ = {isa = PBXBuildFile; fileRef = 5B9766EF22E715C9005EF92B /* AOProductData.xcdatamodeld */; };
		5B9766F422E7228F005EF92B /* CoreDataStack.m in Sources */ = {isa = PBXBuildFile; fileRef = 5B9766F322E7228F005EF92B /* CoreDataStack.m */; };
		5BF9A0D922C7A41B00E91349 /* AppDelegate.m in Sources */ = {isa = PBXBuildFile; fileRef = 5BF9A0D822C7A41B00E91349 /* AppDelegate.m */; };
		5BF9A0DC22C7A41B00E91349 /* LoginViewController.m in Sources */ = {isa = PBXBuildFile; fileRef = 5BF9A0DB22C7A41B00E91349 /* LoginViewController.m */; };
		5BF9A0E422C7A41D00E91349 /* LaunchScreen.storyboard in Resources */ = {isa = PBXBuildFile; fileRef = 5BF9A0E222C7A41D00E91349 /* LaunchScreen.storyboard */; };
		5BF9A0E722C7A41D00E91349 /* main.m in Sources */ = {isa = PBXBuildFile; fileRef = 5BF9A0E622C7A41D00E91349 /* main.m */; };
		5BF9A0F122C7A41D00E91349 /* AOCashBoxTests.m in Sources */ = {isa = PBXBuildFile; fileRef = 5BF9A0F022C7A41D00E91349 /* AOCashBoxTests.m */; };
		5BF9A1A822CFA28000E91349 /* AutorizationViewController.m in Sources */ = {isa = PBXBuildFile; fileRef = 5BF9A1A722CFA28000E91349 /* AutorizationViewController.m */; };
		5BF9A70722E9C94A0012485B /* NetworkService.m in Sources */ = {isa = PBXBuildFile; fileRef = 5BF9A70622E9C94A0012485B /* NetworkService.m */; };
		5BF9A70A22E9CA790012485B /* NetworkHelper.m in Sources */ = {isa = PBXBuildFile; fileRef = 5BF9A70922E9CA790012485B /* NetworkHelper.m */; };
		5BF9A73122EF63150012485B /* AOCustomCollectionViewCell.m in Sources */ = {isa = PBXBuildFile; fileRef = 5BF9A73022EF63150012485B /* AOCustomCollectionViewCell.m */; };
		5BF9A73522F029770012485B /* unit_authtorizationTests.m in Sources */ = {isa = PBXBuildFile; fileRef = 5BF9A73422F029770012485B /* unit_authtorizationTests.m */; };
		F2E965252363CA540088C15C /* AOShopsViewController.m in Sources */ = {isa = PBXBuildFile; fileRef = F2E965242363CA540088C15C /* AOShopsViewController.m */; };
		F2E96528236534EA0088C15C /* AOProfileModel.m in Sources */ = {isa = PBXBuildFile; fileRef = F2E96527236534EA0088C15C /* AOProfileModel.m */; };
		F2E9652B236535CA0088C15C /* AOChangeModeViewController.m in Sources */ = {isa = PBXBuildFile; fileRef = F2E9652A236535CA0088C15C /* AOChangeModeViewController.m */; };
		F2E9652E236539C40088C15C /* AOCircleView.m in Sources */ = {isa = PBXBuildFile; fileRef = F2E9652D236539C40088C15C /* AOCircleView.m */; };
/* End PBXBuildFile section */

/* Begin PBXContainerItemProxy section */
		5BF9A0ED22C7A41D00E91349 /* PBXContainerItemProxy */ = {
			isa = PBXContainerItemProxy;
			containerPortal = 5BF9A0CC22C7A41B00E91349 /* Project object */;
			proxyType = 1;
			remoteGlobalIDString = 5BF9A0D322C7A41B00E91349;
			remoteInfo = AOCashBox;
		};
/* End PBXContainerItemProxy section */

/* Begin PBXFileReference section */
		5B97666622DF5733005EF92B /* RegistrationViewController.h */ = {isa = PBXFileReference; lastKnownFileType = sourcecode.c.h; path = RegistrationViewController.h; sourceTree = "<group>"; };
		5B97666722DF5733005EF92B /* RegistrationViewController.m */ = {isa = PBXFileReference; lastKnownFileType = sourcecode.c.objc; path = RegistrationViewController.m; sourceTree = "<group>"; };
		5B97666C22DF6219005EF92B /* AOTextFieldView.h */ = {isa = PBXFileReference; lastKnownFileType = sourcecode.c.h; path = AOTextFieldView.h; sourceTree = "<group>"; };
		5B97666D22DF6219005EF92B /* AOTextFieldView.m */ = {isa = PBXFileReference; lastKnownFileType = sourcecode.c.objc; path = AOTextFieldView.m; sourceTree = "<group>"; };
		5B97667222DF826B005EF92B /* AOButtonView.h */ = {isa = PBXFileReference; lastKnownFileType = sourcecode.c.h; path = AOButtonView.h; sourceTree = "<group>"; };
		5B97667322DF826B005EF92B /* AOButtonView.m */ = {isa = PBXFileReference; lastKnownFileType = sourcecode.c.objc; path = AOButtonView.m; sourceTree = "<group>"; };
		5B97667522E09763005EF92B /* AOHomeViewController.h */ = {isa = PBXFileReference; fileEncoding = 4; lastKnownFileType = sourcecode.c.h; name = AOHomeViewController.h; path = AOCashBox/TabBarControllers/AOHomeViewController.h; sourceTree = SOURCE_ROOT; };
		5B97667622E09763005EF92B /* AOHomeViewController.m */ = {isa = PBXFileReference; fileEncoding = 4; lastKnownFileType = sourcecode.c.objc; name = AOHomeViewController.m; path = AOCashBox/TabBarControllers/AOHomeViewController.m; sourceTree = SOURCE_ROOT; };
		5B97667922E09AA6005EF92B /* AOHistoryViewController.h */ = {isa = PBXFileReference; lastKnownFileType = sourcecode.c.h; path = AOHistoryViewController.h; sourceTree = "<group>"; };
		5B97667A22E09AA6005EF92B /* AOHistoryViewController.m */ = {isa = PBXFileReference; lastKnownFileType = sourcecode.c.objc; path = AOHistoryViewController.m; sourceTree = "<group>"; };
		5B97667F22E09AC2005EF92B /* AOSettingsViewController.h */ = {isa = PBXFileReference; lastKnownFileType = sourcecode.c.h; path = AOSettingsViewController.h; sourceTree = "<group>"; };
		5B97668022E09AC2005EF92B /* AOSettingsViewController.m */ = {isa = PBXFileReference; lastKnownFileType = sourcecode.c.objc; path = AOSettingsViewController.m; sourceTree = "<group>"; };
		5B97668522E0BEBE005EF92B /* AOCoordinateViewController.h */ = {isa = PBXFileReference; lastKnownFileType = sourcecode.c.h; path = AOCoordinateViewController.h; sourceTree = "<group>"; };
		5B97668622E0BEBE005EF92B /* AOCoordinateViewController.m */ = {isa = PBXFileReference; lastKnownFileType = sourcecode.c.objc; path = AOCoordinateViewController.m; sourceTree = "<group>"; };
		5B97668822E2002B005EF92B /* Assets.xcassets */ = {isa = PBXFileReference; lastKnownFileType = folder.assetcatalog; path = Assets.xcassets; sourceTree = "<group>"; };
		5B97668D22E34E9E005EF92B /* AOCustomHomeTableViewCell.h */ = {isa = PBXFileReference; lastKnownFileType = sourcecode.c.h; path = AOCustomHomeTableViewCell.h; sourceTree = "<group>"; };
		5B97668E22E34E9E005EF92B /* AOCustomHomeTableViewCell.m */ = {isa = PBXFileReference; lastKnownFileType = sourcecode.c.objc; path = AOCustomHomeTableViewCell.m; sourceTree = "<group>"; };
		5B97669322E4B680005EF92B /* AOCustomCollectionView.h */ = {isa = PBXFileReference; lastKnownFileType = sourcecode.c.h; path = AOCustomCollectionView.h; sourceTree = "<group>"; };
		5B97669422E4B680005EF92B /* AOCustomCollectionView.m */ = {isa = PBXFileReference; lastKnownFileType = sourcecode.c.objc; path = AOCustomCollectionView.m; sourceTree = "<group>"; };
		5B97669822E5E015005EF92B /* AODetailsViewController.h */ = {isa = PBXFileReference; lastKnownFileType = sourcecode.c.h; path = AODetailsViewController.h; sourceTree = "<group>"; };
		5B97669922E5E015005EF92B /* AODetailsViewController.m */ = {isa = PBXFileReference; lastKnownFileType = sourcecode.c.objc; path = AODetailsViewController.m; sourceTree = "<group>"; };
		5B97669B22E5ED58005EF92B /* AOCustomHistoryTableViewCell.h */ = {isa = PBXFileReference; lastKnownFileType = sourcecode.c.h; path = AOCustomHistoryTableViewCell.h; sourceTree = "<group>"; };
		5B97669C22E5ED58005EF92B /* AOCustomHistoryTableViewCell.m */ = {isa = PBXFileReference; lastKnownFileType = sourcecode.c.objc; path = AOCustomHistoryTableViewCell.m; sourceTree = "<group>"; };
		5B9766A122E5EE36005EF92B /* AOShopModel.h */ = {isa = PBXFileReference; lastKnownFileType = sourcecode.c.h; path = AOShopModel.h; sourceTree = "<group>"; };
		5B9766A222E5EE36005EF92B /* AOShopModel.m */ = {isa = PBXFileReference; lastKnownFileType = sourcecode.c.objc; path = AOShopModel.m; sourceTree = "<group>"; };
		5B9766A422E5EE4B005EF92B /* AOProductModel.h */ = {isa = PBXFileReference; lastKnownFileType = sourcecode.c.h; path = AOProductModel.h; sourceTree = "<group>"; };
		5B9766A522E5EE4B005EF92B /* AOProductModel.m */ = {isa = PBXFileReference; lastKnownFileType = sourcecode.c.objc; path = AOProductModel.m; sourceTree = "<group>"; };
		5B9766F022E715C9005EF92B /* AOProductData.xcdatamodel */ = {isa = PBXFileReference; lastKnownFileType = wrapper.xcdatamodel; path = AOProductData.xcdatamodel; sourceTree = "<group>"; };
		5B9766F222E7228F005EF92B /* CoreDataStack.h */ = {isa = PBXFileReference; lastKnownFileType = sourcecode.c.h; path = CoreDataStack.h; sourceTree = "<group>"; };
		5B9766F322E7228F005EF92B /* CoreDataStack.m */ = {isa = PBXFileReference; lastKnownFileType = sourcecode.c.objc; path = CoreDataStack.m; sourceTree = "<group>"; };
		5BF9A0D722C7A41B00E91349 /* AppDelegate.h */ = {isa = PBXFileReference; lastKnownFileType = sourcecode.c.h; path = AppDelegate.h; sourceTree = "<group>"; };
		5BF9A0D822C7A41B00E91349 /* AppDelegate.m */ = {isa = PBXFileReference; lastKnownFileType = sourcecode.c.objc; path = AppDelegate.m; sourceTree = "<group>"; };
		5BF9A0DA22C7A41B00E91349 /* LoginViewController.h */ = {isa = PBXFileReference; lastKnownFileType = sourcecode.c.h; path = LoginViewController.h; sourceTree = "<group>"; };
		5BF9A0DB22C7A41B00E91349 /* LoginViewController.m */ = {isa = PBXFileReference; lastKnownFileType = sourcecode.c.objc; path = LoginViewController.m; sourceTree = "<group>"; };
		5BF9A0E322C7A41D00E91349 /* Base */ = {isa = PBXFileReference; lastKnownFileType = file.storyboard; name = Base; path = Base.lproj/LaunchScreen.storyboard; sourceTree = "<group>"; };
		5BF9A0E522C7A41D00E91349 /* Info.plist */ = {isa = PBXFileReference; lastKnownFileType = text.plist.xml; path = Info.plist; sourceTree = "<group>"; };
		5BF9A0E622C7A41D00E91349 /* main.m */ = {isa = PBXFileReference; lastKnownFileType = sourcecode.c.objc; path = main.m; sourceTree = "<group>"; };
		5BF9A0F022C7A41D00E91349 /* AOCashBoxTests.m */ = {isa = PBXFileReference; lastKnownFileType = sourcecode.c.objc; path = AOCashBoxTests.m; sourceTree = "<group>"; };
		5BF9A0F222C7A41D00E91349 /* Info.plist */ = {isa = PBXFileReference; lastKnownFileType = text.plist.xml; path = Info.plist; sourceTree = "<group>"; };
		5BF9A1A622CFA28000E91349 /* AutorizationViewController.h */ = {isa = PBXFileReference; lastKnownFileType = sourcecode.c.h; path = AutorizationViewController.h; sourceTree = "<group>"; };
		5BF9A1A722CFA28000E91349 /* AutorizationViewController.m */ = {isa = PBXFileReference; lastKnownFileType = sourcecode.c.objc; path = AutorizationViewController.m; sourceTree = "<group>"; };
		5BF9A70022E8C2F50012485B /* AOCashBox.app */ = {isa = PBXFileReference; explicitFileType = wrapper.application; includeInIndex = 0; path = AOCashBox.app; sourceTree = BUILT_PRODUCTS_DIR; };
		5BF9A70422E9C82D0012485B /* NetworkServiceProtocol.h */ = {isa = PBXFileReference; lastKnownFileType = sourcecode.c.h; path = NetworkServiceProtocol.h; sourceTree = "<group>"; };
		5BF9A70522E9C94A0012485B /* NetworkService.h */ = {isa = PBXFileReference; lastKnownFileType = sourcecode.c.h; path = NetworkService.h; sourceTree = "<group>"; };
		5BF9A70622E9C94A0012485B /* NetworkService.m */ = {isa = PBXFileReference; lastKnownFileType = sourcecode.c.objc; path = NetworkService.m; sourceTree = "<group>"; };
		5BF9A70822E9CA790012485B /* NetworkHelper.h */ = {isa = PBXFileReference; lastKnownFileType = sourcecode.c.h; path = NetworkHelper.h; sourceTree = "<group>"; };
		5BF9A70922E9CA790012485B /* NetworkHelper.m */ = {isa = PBXFileReference; lastKnownFileType = sourcecode.c.objc; path = NetworkHelper.m; sourceTree = "<group>"; };
		5BF9A72D22EB2C910012485B /* AOCashBoxTests.xctest */ = {isa = PBXFileReference; explicitFileType = wrapper.cfbundle; includeInIndex = 0; path = AOCashBoxTests.xctest; sourceTree = BUILT_PRODUCTS_DIR; };
		5BF9A72F22EF63150012485B /* AOCustomCollectionViewCell.h */ = {isa = PBXFileReference; fileEncoding = 4; lastKnownFileType = sourcecode.c.h; path = AOCustomCollectionViewCell.h; sourceTree = "<group>"; };
		5BF9A73022EF63150012485B /* AOCustomCollectionViewCell.m */ = {isa = PBXFileReference; fileEncoding = 4; lastKnownFileType = sourcecode.c.objc; path = AOCustomCollectionViewCell.m; sourceTree = "<group>"; };
		5BF9A73422F029770012485B /* unit_authtorizationTests.m */ = {isa = PBXFileReference; lastKnownFileType = sourcecode.c.objc; path = unit_authtorizationTests.m; sourceTree = "<group>"; };
		F2E965232363CA540088C15C /* AOShopsViewController.h */ = {isa = PBXFileReference; lastKnownFileType = sourcecode.c.h; path = AOShopsViewController.h; sourceTree = "<group>"; };
		F2E965242363CA540088C15C /* AOShopsViewController.m */ = {isa = PBXFileReference; lastKnownFileType = sourcecode.c.objc; path = AOShopsViewController.m; sourceTree = "<group>"; };
		F2E96526236534EA0088C15C /* AOProfileModel.h */ = {isa = PBXFileReference; lastKnownFileType = sourcecode.c.h; path = AOProfileModel.h; sourceTree = "<group>"; };
		F2E96527236534EA0088C15C /* AOProfileModel.m */ = {isa = PBXFileReference; lastKnownFileType = sourcecode.c.objc; path = AOProfileModel.m; sourceTree = "<group>"; };
		F2E96529236535CA0088C15C /* AOChangeModeViewController.h */ = {isa = PBXFileReference; lastKnownFileType = sourcecode.c.h; path = AOChangeModeViewController.h; sourceTree = "<group>"; };
		F2E9652A236535CA0088C15C /* AOChangeModeViewController.m */ = {isa = PBXFileReference; lastKnownFileType = sourcecode.c.objc; path = AOChangeModeViewController.m; sourceTree = "<group>"; };
		F2E9652C236539C40088C15C /* AOCircleView.h */ = {isa = PBXFileReference; lastKnownFileType = sourcecode.c.h; path = AOCircleView.h; sourceTree = "<group>"; };
		F2E9652D236539C40088C15C /* AOCircleView.m */ = {isa = PBXFileReference; lastKnownFileType = sourcecode.c.objc; path = AOCircleView.m; sourceTree = "<group>"; };
/* End PBXFileReference section */

/* Begin PBXFrameworksBuildPhase section */
		5BF9A0D122C7A41B00E91349 /* Frameworks */ = {
			isa = PBXFrameworksBuildPhase;
			buildActionMask = 2147483647;
			files = (
			);
			runOnlyForDeploymentPostprocessing = 0;
		};
		5BF9A0E922C7A41D00E91349 /* Frameworks */ = {
			isa = PBXFrameworksBuildPhase;
			buildActionMask = 2147483647;
			files = (
			);
			runOnlyForDeploymentPostprocessing = 0;
		};
/* End PBXFrameworksBuildPhase section */

/* Begin PBXGroup section */
		5B0B1B5322DF4D760000DF7C /* Models */ = {
			isa = PBXGroup;
			children = (
				F2E96526236534EA0088C15C /* AOProfileModel.h */,
				F2E96527236534EA0088C15C /* AOProfileModel.m */,
				5B9766A122E5EE36005EF92B /* AOShopModel.h */,
				5B9766A222E5EE36005EF92B /* AOShopModel.m */,
				5B9766A422E5EE4B005EF92B /* AOProductModel.h */,
				5B9766A522E5EE4B005EF92B /* AOProductModel.m */,
				5B9766F222E7228F005EF92B /* CoreDataStack.h */,
				5B9766F322E7228F005EF92B /* CoreDataStack.m */,
				5B9766EF22E715C9005EF92B /* AOProductData.xcdatamodeld */,
			);
			path = Models;
			sourceTree = "<group>";
		};
		5B0B1B5522DF4D8C0000DF7C /* Network */ = {
			isa = PBXGroup;
			children = (
				5BF9A70422E9C82D0012485B /* NetworkServiceProtocol.h */,
				5BF9A70522E9C94A0012485B /* NetworkService.h */,
				5BF9A70622E9C94A0012485B /* NetworkService.m */,
				5BF9A70822E9CA790012485B /* NetworkHelper.h */,
				5BF9A70922E9CA790012485B /* NetworkHelper.m */,
			);
			path = Network;
			sourceTree = "<group>";
		};
		5B680F9122D22ED6002E2E28 /* Views */ = {
			isa = PBXGroup;
			children = (
				5BF9A72F22EF63150012485B /* AOCustomCollectionViewCell.h */,
				5BF9A73022EF63150012485B /* AOCustomCollectionViewCell.m */,
				5B97666C22DF6219005EF92B /* AOTextFieldView.h */,
				5B97666D22DF6219005EF92B /* AOTextFieldView.m */,
				F2E9652C236539C40088C15C /* AOCircleView.h */,
				F2E9652D236539C40088C15C /* AOCircleView.m */,
				5B97667222DF826B005EF92B /* AOButtonView.h */,
				5B97667322DF826B005EF92B /* AOButtonView.m */,
				5B97668D22E34E9E005EF92B /* AOCustomHomeTableViewCell.h */,
				5B97668E22E34E9E005EF92B /* AOCustomHomeTableViewCell.m */,
				5B97669B22E5ED58005EF92B /* AOCustomHistoryTableViewCell.h */,
				5B97669C22E5ED58005EF92B /* AOCustomHistoryTableViewCell.m */,
				5B97669322E4B680005EF92B /* AOCustomCollectionView.h */,
				5B97669422E4B680005EF92B /* AOCustomCollectionView.m */,
			);
			name = Views;
			sourceTree = "<group>";
		};
		5B97666522DF5657005EF92B /* StartedControllers */ = {
			isa = PBXGroup;
			children = (
				5BF9A1A622CFA28000E91349 /* AutorizationViewController.h */,
				5BF9A1A722CFA28000E91349 /* AutorizationViewController.m */,
				5BF9A0DA22C7A41B00E91349 /* LoginViewController.h */,
				5BF9A0DB22C7A41B00E91349 /* LoginViewController.m */,
				5B97666622DF5733005EF92B /* RegistrationViewController.h */,
				5B97666722DF5733005EF92B /* RegistrationViewController.m */,
			);
			path = StartedControllers;
			sourceTree = "<group>";
		};
		5B97667822E09A6B005EF92B /* TabBarControllers */ = {
			isa = PBXGroup;
			children = (
				5B9766A722E5F159005EF92B /* HomeViewControllers */,
				5B9766EB22E6FCE0005EF92B /* HistoryViewController */,
				5B97667F22E09AC2005EF92B /* AOSettingsViewController.h */,
				5B97668022E09AC2005EF92B /* AOSettingsViewController.m */,
			);
			path = TabBarControllers;
			sourceTree = "<group>";
		};
		5B9766A722E5F159005EF92B /* HomeViewControllers */ = {
			isa = PBXGroup;
			children = (
				5B97667522E09763005EF92B /* AOHomeViewController.h */,
				5B97667622E09763005EF92B /* AOHomeViewController.m */,
				5B97669822E5E015005EF92B /* AODetailsViewController.h */,
				5B97669922E5E015005EF92B /* AODetailsViewController.m */,
				F2E965232363CA540088C15C /* AOShopsViewController.h */,
				F2E965242363CA540088C15C /* AOShopsViewController.m */,
				F2E96529236535CA0088C15C /* AOChangeModeViewController.h */,
				F2E9652A236535CA0088C15C /* AOChangeModeViewController.m */,
			);
			name = HomeViewControllers;
			sourceTree = "<group>";
		};
		5B9766EB22E6FCE0005EF92B /* HistoryViewController */ = {
			isa = PBXGroup;
			children = (
				5B97667922E09AA6005EF92B /* AOHistoryViewController.h */,
				5B97667A22E09AA6005EF92B /* AOHistoryViewController.m */,
			);
			name = HistoryViewController;
			sourceTree = "<group>";
		};
		5B9766F522E73504005EF92B /* Application */ = {
			isa = PBXGroup;
			children = (
				5BF9A0D722C7A41B00E91349 /* AppDelegate.h */,
				5BF9A0D822C7A41B00E91349 /* AppDelegate.m */,
				5BF9A0E622C7A41D00E91349 /* main.m */,
				5BF9A0E522C7A41D00E91349 /* Info.plist */,
				5BF9A0E222C7A41D00E91349 /* LaunchScreen.storyboard */,
			);
			name = Application;
			sourceTree = "<group>";
		};
		5BF9A0CB22C7A41B00E91349 = {
			isa = PBXGroup;
			children = (
				5BF9A0D622C7A41B00E91349 /* AOCashBox */,
				5BF9A0EF22C7A41D00E91349 /* AOCashBoxTests */,
				5BF9A70022E8C2F50012485B /* AOCashBox.app */,
				5BF9A72D22EB2C910012485B /* AOCashBoxTests.xctest */,
			);
			sourceTree = "<group>";
		};
		5BF9A0D622C7A41B00E91349 /* AOCashBox */ = {
			isa = PBXGroup;
			children = (
				5B9766F522E73504005EF92B /* Application */,
				5B97668522E0BEBE005EF92B /* AOCoordinateViewController.h */,
				5B97668622E0BEBE005EF92B /* AOCoordinateViewController.m */,
				5B0B1B5522DF4D8C0000DF7C /* Network */,
				5B0B1B5322DF4D760000DF7C /* Models */,
				5B680F9122D22ED6002E2E28 /* Views */,
				5B97667822E09A6B005EF92B /* TabBarControllers */,
				5B97666522DF5657005EF92B /* StartedControllers */,
				5B97668822E2002B005EF92B /* Assets.xcassets */,
			);
			path = AOCashBox;
			sourceTree = "<group>";
		};
		5BF9A0EF22C7A41D00E91349 /* AOCashBoxTests */ = {
			isa = PBXGroup;
			children = (
				5BF9A0F022C7A41D00E91349 /* AOCashBoxTests.m */,
				5BF9A0F222C7A41D00E91349 /* Info.plist */,
				5BF9A73422F029770012485B /* unit_authtorizationTests.m */,
			);
			path = AOCashBoxTests;
			sourceTree = "<group>";
		};
/* End PBXGroup section */

/* Begin PBXNativeTarget section */
		5BF9A0D322C7A41B00E91349 /* AOCashBox */ = {
			isa = PBXNativeTarget;
			buildConfigurationList = 5BF9A10022C7A41D00E91349 /* Build configuration list for PBXNativeTarget "AOCashBox" */;
			buildPhases = (
				5BF9A0D022C7A41B00E91349 /* Sources */,
				5BF9A0D122C7A41B00E91349 /* Frameworks */,
				5BF9A0D222C7A41B00E91349 /* Resources */,
			);
			buildRules = (
			);
			dependencies = (
			);
			name = AOCashBox;
			productName = AOCashBox;
			productReference = 5BF9A70022E8C2F50012485B /* AOCashBox.app */;
			productType = "com.apple.product-type.application";
		};
		5BF9A0EB22C7A41D00E91349 /* AOCashBoxTests */ = {
			isa = PBXNativeTarget;
			buildConfigurationList = 5BF9A10322C7A41D00E91349 /* Build configuration list for PBXNativeTarget "AOCashBoxTests" */;
			buildPhases = (
				5BF9A0E822C7A41D00E91349 /* Sources */,
				5BF9A0E922C7A41D00E91349 /* Frameworks */,
				5BF9A0EA22C7A41D00E91349 /* Resources */,
			);
			buildRules = (
			);
			dependencies = (
				5BF9A0EE22C7A41D00E91349 /* PBXTargetDependency */,
			);
			name = AOCashBoxTests;
			productName = AOCashBoxTests;
			productReference = 5BF9A72D22EB2C910012485B /* AOCashBoxTests.xctest */;
			productType = "com.apple.product-type.bundle.unit-test";
		};
/* End PBXNativeTarget section */

/* Begin PBXProject section */
		5BF9A0CC22C7A41B00E91349 /* Project object */ = {
			isa = PBXProject;
			attributes = {
				LastUpgradeCheck = 1020;
				ORGANIZATIONNAME = "Камила Валиева";
				TargetAttributes = {
					5BF9A0D322C7A41B00E91349 = {
						CreatedOnToolsVersion = 10.2.1;
					};
					5BF9A0EB22C7A41D00E91349 = {
						CreatedOnToolsVersion = 10.2.1;
						TestTargetID = 5BF9A0D322C7A41B00E91349;
					};
				};
			};
			buildConfigurationList = 5BF9A0CF22C7A41B00E91349 /* Build configuration list for PBXProject "AOCashBox" */;
			compatibilityVersion = "Xcode 9.3";
			developmentRegion = en;
			hasScannedForEncodings = 0;
			knownRegions = (
				en,
				Base,
			);
			mainGroup = 5BF9A0CB22C7A41B00E91349;
			productRefGroup = 5BF9A0CB22C7A41B00E91349;
			projectDirPath = "";
			projectRoot = "";
			targets = (
				5BF9A0D322C7A41B00E91349 /* AOCashBox */,
				5BF9A0EB22C7A41D00E91349 /* AOCashBoxTests */,
			);
		};
/* End PBXProject section */

/* Begin PBXResourcesBuildPhase section */
		5BF9A0D222C7A41B00E91349 /* Resources */ = {
			isa = PBXResourcesBuildPhase;
			buildActionMask = 2147483647;
			files = (
				5B97668922E2002B005EF92B /* Assets.xcassets in Resources */,
				5BF9A0E422C7A41D00E91349 /* LaunchScreen.storyboard in Resources */,
			);
			runOnlyForDeploymentPostprocessing = 0;
		};
		5BF9A0EA22C7A41D00E91349 /* Resources */ = {
			isa = PBXResourcesBuildPhase;
			buildActionMask = 2147483647;
			files = (
			);
			runOnlyForDeploymentPostprocessing = 0;
		};
/* End PBXResourcesBuildPhase section */

/* Begin PBXSourcesBuildPhase section */
		5BF9A0D022C7A41B00E91349 /* Sources */ = {
			isa = PBXSourcesBuildPhase;
			buildActionMask = 2147483647;
			files = (
				5BF9A73122EF63150012485B /* AOCustomCollectionViewCell.m in Sources */,
				5BF9A70A22E9CA790012485B /* NetworkHelper.m in Sources */,
				5B97668122E09AC2005EF92B /* AOSettingsViewController.m in Sources */,
				5B9766A622E5EE4B005EF92B /* AOProductModel.m in Sources */,
				5B9766A322E5EE36005EF92B /* AOShopModel.m in Sources */,
				F2E96528236534EA0088C15C /* AOProfileModel.m in Sources */,
				5B97669522E4B680005EF92B /* AOCustomCollectionView.m in Sources */,
				5B97667422DF826B005EF92B /* AOButtonView.m in Sources */,
				5B97669D22E5ED58005EF92B /* AOCustomHistoryTableViewCell.m in Sources */,
				5B97667722E09763005EF92B /* AOHomeViewController.m in Sources */,
				5B97666E22DF6219005EF92B /* AOTextFieldView.m in Sources */,
				5BF9A0DC22C7A41B00E91349 /* LoginViewController.m in Sources */,
				5B97667B22E09AA6005EF92B /* AOHistoryViewController.m in Sources */,
				5B97669A22E5E016005EF92B /* AODetailsViewController.m in Sources */,
				5B97668F22E34E9E005EF92B /* AOCustomHomeTableViewCell.m in Sources */,
				5BF9A0E722C7A41D00E91349 /* main.m in Sources */,
				F2E9652B236535CA0088C15C /* AOChangeModeViewController.m in Sources */,
				5BF9A1A822CFA28000E91349 /* AutorizationViewController.m in Sources */,
				5B9766F422E7228F005EF92B /* CoreDataStack.m in Sources */,
				5BF9A0D922C7A41B00E91349 /* AppDelegate.m in Sources */,
				5B9766F122E715C9005EF92B /* AOProductData.xcdatamodeld in Sources */,
				5B97666822DF5733005EF92B /* RegistrationViewController.m in Sources */,
				F2E9652E236539C40088C15C /* AOCircleView.m in Sources */,
				5BF9A70722E9C94A0012485B /* NetworkService.m in Sources */,
				F2E965252363CA540088C15C /* AOShopsViewController.m in Sources */,
				5B97668722E0BEBF005EF92B /* AOCoordinateViewController.m in Sources */,
			);
			runOnlyForDeploymentPostprocessing = 0;
		};
		5BF9A0E822C7A41D00E91349 /* Sources */ = {
			isa = PBXSourcesBuildPhase;
			buildActionMask = 2147483647;
			files = (
				5BF9A73522F029770012485B /* unit_authtorizationTests.m in Sources */,
				5BF9A0F122C7A41D00E91349 /* AOCashBoxTests.m in Sources */,
			);
			runOnlyForDeploymentPostprocessing = 0;
		};
/* End PBXSourcesBuildPhase section */

/* Begin PBXTargetDependency section */
		5BF9A0EE22C7A41D00E91349 /* PBXTargetDependency */ = {
			isa = PBXTargetDependency;
			target = 5BF9A0D322C7A41B00E91349 /* AOCashBox */;
			targetProxy = 5BF9A0ED22C7A41D00E91349 /* PBXContainerItemProxy */;
		};
/* End PBXTargetDependency section */

/* Begin PBXVariantGroup section */
		5BF9A0E222C7A41D00E91349 /* LaunchScreen.storyboard */ = {
			isa = PBXVariantGroup;
			children = (
				5BF9A0E322C7A41D00E91349 /* Base */,
			);
			name = LaunchScreen.storyboard;
			sourceTree = "<group>";
		};
/* End PBXVariantGroup section */

/* Begin XCBuildConfiguration section */
		5BF9A0FE22C7A41D00E91349 /* Debug */ = {
			isa = XCBuildConfiguration;
			buildSettings = {
				ALWAYS_SEARCH_USER_PATHS = NO;
				CLANG_ANALYZER_NONNULL = YES;
				CLANG_ANALYZER_NUMBER_OBJECT_CONVERSION = YES_AGGRESSIVE;
				CLANG_CXX_LANGUAGE_STANDARD = "gnu++14";
				CLANG_CXX_LIBRARY = "libc++";
				CLANG_ENABLE_MODULES = YES;
				CLANG_ENABLE_OBJC_ARC = YES;
				CLANG_ENABLE_OBJC_WEAK = YES;
				CLANG_WARN_BLOCK_CAPTURE_AUTORELEASING = YES;
				CLANG_WARN_BOOL_CONVERSION = YES;
				CLANG_WARN_COMMA = YES;
				CLANG_WARN_CONSTANT_CONVERSION = YES;
				CLANG_WARN_DEPRECATED_OBJC_IMPLEMENTATIONS = YES;
				CLANG_WARN_DIRECT_OBJC_ISA_USAGE = YES_ERROR;
				CLANG_WARN_DOCUMENTATION_COMMENTS = YES;
				CLANG_WARN_EMPTY_BODY = YES;
				CLANG_WARN_ENUM_CONVERSION = YES;
				CLANG_WARN_INFINITE_RECURSION = YES;
				CLANG_WARN_INT_CONVERSION = YES;
				CLANG_WARN_NON_LITERAL_NULL_CONVERSION = YES;
				CLANG_WARN_OBJC_IMPLICIT_RETAIN_SELF = YES;
				CLANG_WARN_OBJC_LITERAL_CONVERSION = YES;
				CLANG_WARN_OBJC_ROOT_CLASS = YES_ERROR;
				CLANG_WARN_RANGE_LOOP_ANALYSIS = YES;
				CLANG_WARN_STRICT_PROTOTYPES = YES;
				CLANG_WARN_SUSPICIOUS_MOVE = YES;
				CLANG_WARN_UNGUARDED_AVAILABILITY = YES_AGGRESSIVE;
				CLANG_WARN_UNREACHABLE_CODE = YES;
				CLANG_WARN__DUPLICATE_METHOD_MATCH = YES;
				CODE_SIGN_IDENTITY = "iPhone Developer";
				COPY_PHASE_STRIP = NO;
				DEBUG_INFORMATION_FORMAT = dwarf;
				ENABLE_STRICT_OBJC_MSGSEND = YES;
				ENABLE_TESTABILITY = YES;
				GCC_C_LANGUAGE_STANDARD = gnu11;
				GCC_DYNAMIC_NO_PIC = NO;
				GCC_NO_COMMON_BLOCKS = YES;
				GCC_OPTIMIZATION_LEVEL = 0;
				GCC_PREPROCESSOR_DEFINITIONS = (
					"DEBUG=1",
					"$(inherited)",
				);
				GCC_WARN_64_TO_32_BIT_CONVERSION = YES;
				GCC_WARN_ABOUT_RETURN_TYPE = YES_ERROR;
				GCC_WARN_UNDECLARED_SELECTOR = YES;
				GCC_WARN_UNINITIALIZED_AUTOS = YES_AGGRESSIVE;
				GCC_WARN_UNUSED_FUNCTION = YES;
				GCC_WARN_UNUSED_VARIABLE = YES;
				IPHONEOS_DEPLOYMENT_TARGET = 12.2;
				MTL_ENABLE_DEBUG_INFO = INCLUDE_SOURCE;
				MTL_FAST_MATH = YES;
				ONLY_ACTIVE_ARCH = YES;
				SDKROOT = iphoneos;
			};
			name = Debug;
		};
		5BF9A0FF22C7A41D00E91349 /* Release */ = {
			isa = XCBuildConfiguration;
			buildSettings = {
				ALWAYS_SEARCH_USER_PATHS = NO;
				CLANG_ANALYZER_NONNULL = YES;
				CLANG_ANALYZER_NUMBER_OBJECT_CONVERSION = YES_AGGRESSIVE;
				CLANG_CXX_LANGUAGE_STANDARD = "gnu++14";
				CLANG_CXX_LIBRARY = "libc++";
				CLANG_ENABLE_MODULES = YES;
				CLANG_ENABLE_OBJC_ARC = YES;
				CLANG_ENABLE_OBJC_WEAK = YES;
				CLANG_WARN_BLOCK_CAPTURE_AUTORELEASING = YES;
				CLANG_WARN_BOOL_CONVERSION = YES;
				CLANG_WARN_COMMA = YES;
				CLANG_WARN_CONSTANT_CONVERSION = YES;
				CLANG_WARN_DEPRECATED_OBJC_IMPLEMENTATIONS = YES;
				CLANG_WARN_DIRECT_OBJC_ISA_USAGE = YES_ERROR;
				CLANG_WARN_DOCUMENTATION_COMMENTS = YES;
				CLANG_WARN_EMPTY_BODY = YES;
				CLANG_WARN_ENUM_CONVERSION = YES;
				CLANG_WARN_INFINITE_RECURSION = YES;
				CLANG_WARN_INT_CONVERSION = YES;
				CLANG_WARN_NON_LITERAL_NULL_CONVERSION = YES;
				CLANG_WARN_OBJC_IMPLICIT_RETAIN_SELF = YES;
				CLANG_WARN_OBJC_LITERAL_CONVERSION = YES;
				CLANG_WARN_OBJC_ROOT_CLASS = YES_ERROR;
				CLANG_WARN_RANGE_LOOP_ANALYSIS = YES;
				CLANG_WARN_STRICT_PROTOTYPES = YES;
				CLANG_WARN_SUSPICIOUS_MOVE = YES;
				CLANG_WARN_UNGUARDED_AVAILABILITY = YES_AGGRESSIVE;
				CLANG_WARN_UNREACHABLE_CODE = YES;
				CLANG_WARN__DUPLICATE_METHOD_MATCH = YES;
				CODE_SIGN_IDENTITY = "iPhone Developer";
				COPY_PHASE_STRIP = NO;
				DEBUG_INFORMATION_FORMAT = "dwarf-with-dsym";
				ENABLE_NS_ASSERTIONS = NO;
				ENABLE_STRICT_OBJC_MSGSEND = YES;
				GCC_C_LANGUAGE_STANDARD = gnu11;
				GCC_NO_COMMON_BLOCKS = YES;
				GCC_WARN_64_TO_32_BIT_CONVERSION = YES;
				GCC_WARN_ABOUT_RETURN_TYPE = YES_ERROR;
				GCC_WARN_UNDECLARED_SELECTOR = YES;
				GCC_WARN_UNINITIALIZED_AUTOS = YES_AGGRESSIVE;
				GCC_WARN_UNUSED_FUNCTION = YES;
				GCC_WARN_UNUSED_VARIABLE = YES;
				IPHONEOS_DEPLOYMENT_TARGET = 12.2;
				MTL_ENABLE_DEBUG_INFO = NO;
				MTL_FAST_MATH = YES;
				SDKROOT = iphoneos;
				VALIDATE_PRODUCT = YES;
			};
			name = Release;
		};
		5BF9A10122C7A41D00E91349 /* Debug */ = {
			isa = XCBuildConfiguration;
			buildSettings = {
				ALWAYS_EMBED_SWIFT_STANDARD_LIBRARIES = NO;
				ASSETCATALOG_COMPILER_APPICON_NAME = AppIcon;
				CODE_SIGN_STYLE = Automatic;
				DEVELOPMENT_TEAM = XMMUFH7ZZY;
				INFOPLIST_FILE = AOCashBox/Info.plist;
				LD_RUNPATH_SEARCH_PATHS = "";
				PRODUCT_BUNDLE_IDENTIFIER = msg.AOCashBox;
				PRODUCT_NAME = "$(TARGET_NAME)";
				TARGETED_DEVICE_FAMILY = "1,2";
			};
			name = Debug;
		};
		5BF9A10222C7A41D00E91349 /* Release */ = {
			isa = XCBuildConfiguration;
			buildSettings = {
				ALWAYS_EMBED_SWIFT_STANDARD_LIBRARIES = NO;
				ASSETCATALOG_COMPILER_APPICON_NAME = AppIcon;
				CODE_SIGN_STYLE = Automatic;
				DEVELOPMENT_TEAM = XMMUFH7ZZY;
				INFOPLIST_FILE = AOCashBox/Info.plist;
				LD_RUNPATH_SEARCH_PATHS = "";
				PRODUCT_BUNDLE_IDENTIFIER = msg.AOCashBox;
				PRODUCT_NAME = "$(TARGET_NAME)";
				TARGETED_DEVICE_FAMILY = "1,2";
			};
			name = Release;
		};
		5BF9A10422C7A41D00E91349 /* Debug */ = {
			isa = XCBuildConfiguration;
			buildSettings = {
				BUNDLE_LOADER = "$(TEST_HOST)";
				CODE_SIGN_STYLE = Automatic;
				DEVELOPMENT_TEAM = 42S2F4GCL3;
				INFOPLIST_FILE = AOCashBoxTests/Info.plist;
				LD_RUNPATH_SEARCH_PATHS = (
					"$(inherited)",
					"@executable_path/Frameworks",
					"@loader_path/Frameworks",
				);
				PRODUCT_BUNDLE_IDENTIFIER = Sber.AOCashBoxTests;
				PRODUCT_NAME = "$(TARGET_NAME)";
				TARGETED_DEVICE_FAMILY = "1,2";
				TEST_HOST = "$(BUILT_PRODUCTS_DIR)/AOCashBox.app/AOCashBox";
			};
			name = Debug;
		};
		5BF9A10522C7A41D00E91349 /* Release */ = {
			isa = XCBuildConfiguration;
			buildSettings = {
				BUNDLE_LOADER = "$(TEST_HOST)";
				CODE_SIGN_STYLE = Automatic;
				DEVELOPMENT_TEAM = 42S2F4GCL3;
				INFOPLIST_FILE = AOCashBoxTests/Info.plist;
				LD_RUNPATH_SEARCH_PATHS = (
					"$(inherited)",
					"@executable_path/Frameworks",
					"@loader_path/Frameworks",
				);
				PRODUCT_BUNDLE_IDENTIFIER = Sber.AOCashBoxTests;
				PRODUCT_NAME = "$(TARGET_NAME)";
				TARGETED_DEVICE_FAMILY = "1,2";
				TEST_HOST = "$(BUILT_PRODUCTS_DIR)/AOCashBox.app/AOCashBox";
			};
			name = Release;
		};
/* End XCBuildConfiguration section */

/* Begin XCConfigurationList section */
		5BF9A0CF22C7A41B00E91349 /* Build configuration list for PBXProject "AOCashBox" */ = {
			isa = XCConfigurationList;
			buildConfigurations = (
				5BF9A0FE22C7A41D00E91349 /* Debug */,
				5BF9A0FF22C7A41D00E91349 /* Release */,
			);
			defaultConfigurationIsVisible = 0;
			defaultConfigurationName = Release;
		};
		5BF9A10022C7A41D00E91349 /* Build configuration list for PBXNativeTarget "AOCashBox" */ = {
			isa = XCConfigurationList;
			buildConfigurations = (
				5BF9A10122C7A41D00E91349 /* Debug */,
				5BF9A10222C7A41D00E91349 /* Release */,
			);
			defaultConfigurationIsVisible = 0;
			defaultConfigurationName = Release;
		};
		5BF9A10322C7A41D00E91349 /* Build configuration list for PBXNativeTarget "AOCashBoxTests" */ = {
			isa = XCConfigurationList;
			buildConfigurations = (
				5BF9A10422C7A41D00E91349 /* Debug */,
				5BF9A10522C7A41D00E91349 /* Release */,
			);
			defaultConfigurationIsVisible = 0;
			defaultConfigurationName = Release;
		};
/* End XCConfigurationList section */

/* Begin XCVersionGroup section */
		5B9766EF22E715C9005EF92B /* AOProductData.xcdatamodeld */ = {
			isa = XCVersionGroup;
			children = (
				5B9766F022E715C9005EF92B /* AOProductData.xcdatamodel */,
			);
			currentVersion = 5B9766F022E715C9005EF92B /* AOProductData.xcdatamodel */;
			path = AOProductData.xcdatamodeld;
			sourceTree = "<group>";
			versionGroupType = wrapper.xcdatamodel;
		};
/* End XCVersionGroup section */
	};
	rootObject = 5BF9A0CC22C7A41B00E91349 /* Project object */;
}
